Microsoft Visual Studio Solution File, Format Version 11.00
# Visual Studio 2008

Project("{544740EF-FC69-74F3-9C12-9C670E6D7A0B}") = "Oculus Flying Sim", "Assembly-CSharp-firstpass.csproj", "{6D290D30-D9D2-252D-180A-19B684C8EC1E}"
EndProject
Project("{544740EF-FC69-74F3-9C12-9C670E6D7A0B}") = "Oculus Flying Sim", "Assembly-CSharp-Editor.csproj", "{FE7A34E7-105C-1704-D8F9-DD403722A287}"
EndProject
Global
	GlobalSection(SolutionConfigurationPlatforms) = preSolution
		Debug|Any CPU = Debug|Any CPU
		Release|Any CPU = Release|Any CPU
	EndGlobalSection
	GlobalSection(ProjectConfigurationPlatforms) = postSolution
		{6D290D30-D9D2-252D-180A-19B684C8EC1E}.Debug|Any CPU.ActiveCfg = Debug|Any CPU
		{6D290D30-D9D2-252D-180A-19B684C8EC1E}.Debug|Any CPU.Build.0 = Debug|Any CPU
		{6D290D30-D9D2-252D-180A-19B684C8EC1E}.Release|Any CPU.ActiveCfg = Release|Any CPU
		{6D290D30-D9D2-252D-180A-19B684C8EC1E}.Release|Any CPU.Build.0 = Release|Any CPU
		{FE7A34E7-105C-1704-D8F9-DD403722A287}.Debug|Any CPU.ActiveCfg = Debug|Any CPU
		{FE7A34E7-105C-1704-D8F9-DD403722A287}.Debug|Any CPU.Build.0 = Debug|Any CPU
		{FE7A34E7-105C-1704-D8F9-DD403722A287}.Release|Any CPU.ActiveCfg = Release|Any CPU
		{FE7A34E7-105C-1704-D8F9-DD403722A287}.Release|Any CPU.Build.0 = Release|Any CPU
	EndGlobalSection
	GlobalSection(SolutionProperties) = preSolution
		HideSolutionNode = FALSE
	EndGlobalSection
							GlobalSection(MonoDevelopProperties) = preSolution
		StartupItem = Assembly-CSharp.csproj
		Policies = $0
		$0.TextStylePolicy = $1
		$1.inheritsSet = null
		$1.scope = text/x-csharp
		$0.CSharpFormattingPolicy = $2
		$2.inheritsSet = Mono
		$2.inheritsScope = text/x-csharp
		$2.scope = text/x-csharp
		$0.TextStylePolicy = $3
		$3.FileWidth = 120
		$3.TabWidth = 4
		$3.IndentWidth = 4
		$3.EolMarker = Unix
		$3.inheritsSet = Mono
		$3.inheritsScope = text/plain
		$3.scope = text/plain
	EndGlobalSection

EndGlobal
